// !$*UTF8*$!
{
	archiveVersion = 1;
	classes = {
	};
	objectVersion = 52;
	objects = {

/* Begin PBXBuildFile section */
		3E070F7F25AACD86009B53D1 /* AppDelegate.swift in Sources */ = {isa = PBXBuildFile; fileRef = 3E070F7E25AACD86009B53D1 /* AppDelegate.swift */; };
		3E070F8825AACD87009B53D1 /* Assets.xcassets in Resources */ = {isa = PBXBuildFile; fileRef = 3E070F8725AACD87009B53D1 /* Assets.xcassets */; };
		3E070F8B25AACD87009B53D1 /* LaunchScreen.storyboard in Resources */ = {isa = PBXBuildFile; fileRef = 3E070F8925AACD87009B53D1 /* LaunchScreen.storyboard */; };
		3E070F9F25AAE06C009B53D1 /* FeedViewController.swift in Sources */ = {isa = PBXBuildFile; fileRef = 3E070F9E25AAE06C009B53D1 /* FeedViewController.swift */; };
		3E070FA525AAE11E009B53D1 /* SnapKit in Frameworks */ = {isa = PBXBuildFile; productRef = 3E070FA425AAE11E009B53D1 /* SnapKit */; };
		3E070FA825AAE654009B53D1 /* FeedTableViewCell.swift in Sources */ = {isa = PBXBuildFile; fileRef = 3E070FA725AAE653009B53D1 /* FeedTableViewCell.swift */; };
		3E070FAC25AAE864009B53D1 /* UserType.swift in Sources */ = {isa = PBXBuildFile; fileRef = 3E070FAB25AAE864009B53D1 /* UserType.swift */; };
		3E070FB225AAEBAF009B53D1 /* Kingfisher in Frameworks */ = {isa = PBXBuildFile; productRef = 3E070FB125AAEBAF009B53D1 /* Kingfisher */; };
		B80AB83225BBEC9900C0459C /* UserRepository.swift in Sources */ = {isa = PBXBuildFile; fileRef = B80AB83125BBEC9900C0459C /* UserRepository.swift */; };
		B833359725C5305400A35B32 /* FeedViewController+UITableView.swift in Sources */ = {isa = PBXBuildFile; fileRef = B833359625C5305400A35B32 /* FeedViewController+UITableView.swift */; };
		B833359E25C557DD00A35B32 /* DetailViewController.swift in Sources */ = {isa = PBXBuildFile; fileRef = B833359D25C557DD00A35B32 /* DetailViewController.swift */; };
		B83335A225C5586600A35B32 /* BaseViewController.swift in Sources */ = {isa = PBXBuildFile; fileRef = B83335A125C5586600A35B32 /* BaseViewController.swift */; };
/* End PBXBuildFile section */

/* Begin PBXFileReference section */
		3E070F7B25AACD86009B53D1 /* Giphy2.app */ = {isa = PBXFileReference; explicitFileType = wrapper.application; includeInIndex = 0; path = Giphy2.app; sourceTree = BUILT_PRODUCTS_DIR; };
		3E070F7E25AACD86009B53D1 /* AppDelegate.swift */ = {isa = PBXFileReference; lastKnownFileType = sourcecode.swift; path = AppDelegate.swift; sourceTree = "<group>"; };
		3E070F8725AACD87009B53D1 /* Assets.xcassets */ = {isa = PBXFileReference; lastKnownFileType = folder.assetcatalog; path = Assets.xcassets; sourceTree = "<group>"; };
		3E070F8A25AACD87009B53D1 /* Base */ = {isa = PBXFileReference; lastKnownFileType = file.storyboard; name = Base; path = Base.lproj/LaunchScreen.storyboard; sourceTree = "<group>"; };
		3E070F8C25AACD87009B53D1 /* Info.plist */ = {isa = PBXFileReference; lastKnownFileType = text.plist.xml; path = Info.plist; sourceTree = "<group>"; };
		3E070F9E25AAE06C009B53D1 /* FeedViewController.swift */ = {isa = PBXFileReference; lastKnownFileType = sourcecode.swift; name = FeedViewController.swift; path = Giphy2/Sources/ViewControllers/Feed/FeedViewController.swift; sourceTree = SOURCE_ROOT; };
		3E070FA725AAE653009B53D1 /* FeedTableViewCell.swift */ = {isa = PBXFileReference; lastKnownFileType = sourcecode.swift; path = FeedTableViewCell.swift; sourceTree = "<group>"; };
		3E070FAB25AAE864009B53D1 /* UserType.swift */ = {isa = PBXFileReference; lastKnownFileType = sourcecode.swift; path = UserType.swift; sourceTree = "<group>"; };
		B80AB83125BBEC9900C0459C /* UserRepository.swift */ = {isa = PBXFileReference; lastKnownFileType = sourcecode.swift; path = UserRepository.swift; sourceTree = "<group>"; };
		B833359625C5305400A35B32 /* FeedViewController+UITableView.swift */ = {isa = PBXFileReference; lastKnownFileType = sourcecode.swift; path = "FeedViewController+UITableView.swift"; sourceTree = "<group>"; };
		B833359D25C557DD00A35B32 /* DetailViewController.swift */ = {isa = PBXFileReference; lastKnownFileType = sourcecode.swift; path = DetailViewController.swift; sourceTree = "<group>"; };
		B83335A125C5586600A35B32 /* BaseViewController.swift */ = {isa = PBXFileReference; lastKnownFileType = sourcecode.swift; path = BaseViewController.swift; sourceTree = "<group>"; };
/* End PBXFileReference section */

/* Begin PBXFrameworksBuildPhase section */
		3E070F7825AACD86009B53D1 /* Frameworks */ = {
			isa = PBXFrameworksBuildPhase;
			buildActionMask = 2147483647;
			files = (
				3E070FB225AAEBAF009B53D1 /* Kingfisher in Frameworks */,
				3E070FA525AAE11E009B53D1 /* SnapKit in Frameworks */,
			);
			runOnlyForDeploymentPostprocessing = 0;
		};
/* End PBXFrameworksBuildPhase section */

/* Begin PBXGroup section */
		3E070F7225AACD86009B53D1 = {
			isa = PBXGroup;
			children = (
				3E070F7D25AACD86009B53D1 /* Giphy2 */,
				3E070F7C25AACD86009B53D1 /* Products */,
			);
			sourceTree = "<group>";
		};
		3E070F7C25AACD86009B53D1 /* Products */ = {
			isa = PBXGroup;
			children = (
				3E070F7B25AACD86009B53D1 /* Giphy2.app */,
			);
			name = Products;
			sourceTree = "<group>";
		};
		3E070F7D25AACD86009B53D1 /* Giphy2 */ = {
			isa = PBXGroup;
			children = (
				3E070F9425AACFFC009B53D1 /* Sources */,
				3E070F9625AAD015009B53D1 /* Resources */,
				3E070F9725AAD031009B53D1 /* Supporting Files */,
			);
			path = Giphy2;
			sourceTree = "<group>";
		};
		3E070F9425AACFFC009B53D1 /* Sources */ = {
			isa = PBXGroup;
			children = (
				B80AB83025BBEC8300C0459C /* Service */,
				3E070FAA25AAE853009B53D1 /* models */,
				3E070F9D25AAE04C009B53D1 /* ViewControllers */,
				3E070F7E25AACD86009B53D1 /* AppDelegate.swift */,
			);
			path = Sources;
			sourceTree = "<group>";
		};
		3E070F9625AAD015009B53D1 /* Resources */ = {
			isa = PBXGroup;
			children = (
				3E070F8725AACD87009B53D1 /* Assets.xcassets */,
				3E070F8925AACD87009B53D1 /* LaunchScreen.storyboard */,
			);
			path = Resources;
			sourceTree = "<group>";
		};
		3E070F9725AAD031009B53D1 /* Supporting Files */ = {
			isa = PBXGroup;
			children = (
				3E070F8C25AACD87009B53D1 /* Info.plist */,
			);
			path = "Supporting Files";
			sourceTree = "<group>";
		};
		3E070F9D25AAE04C009B53D1 /* ViewControllers */ = {
			isa = PBXGroup;
			children = (
				B833359C25C557C300A35B32 /* Detail */,
				B833359525C5301D00A35B32 /* Feed */,
				B83335A125C5586600A35B32 /* BaseViewController.swift */,
			);
			path = ViewControllers;
			sourceTree = "<group>";
		};
		3E070FAA25AAE853009B53D1 /* models */ = {
			isa = PBXGroup;
			children = (
				3E070FAB25AAE864009B53D1 /* UserType.swift */,
			);
			path = models;
			sourceTree = "<group>";
		};
		B80AB83025BBEC8300C0459C /* Service */ = {
			isa = PBXGroup;
			children = (
				B80AB83125BBEC9900C0459C /* UserRepository.swift */,
			);
			path = Service;
			sourceTree = "<group>";
		};
		B833359525C5301D00A35B32 /* Feed */ = {
			isa = PBXGroup;
			children = (
				3E070F9E25AAE06C009B53D1 /* FeedViewController.swift */,
				3E070FA725AAE653009B53D1 /* FeedTableViewCell.swift */,
				B833359625C5305400A35B32 /* FeedViewController+UITableView.swift */,
			);
			path = Feed;
			sourceTree = "<group>";
		};
		B833359C25C557C300A35B32 /* Detail */ = {
			isa = PBXGroup;
			children = (
				B833359D25C557DD00A35B32 /* DetailViewController.swift */,
			);
			path = Detail;
			sourceTree = "<group>";
		};
/* End PBXGroup section */

/* Begin PBXNativeTarget section */
		3E070F7A25AACD86009B53D1 /* Giphy2 */ = {
			isa = PBXNativeTarget;
			buildConfigurationList = 3E070F8F25AACD87009B53D1 /* Build configuration list for PBXNativeTarget "Giphy2" */;
			buildPhases = (
				3E070F7725AACD86009B53D1 /* Sources */,
				3E070F7825AACD86009B53D1 /* Frameworks */,
				3E070F7925AACD86009B53D1 /* Resources */,
			);
			buildRules = (
			);
			dependencies = (
			);
			name = Giphy2;
			packageProductDependencies = (
				3E070FA425AAE11E009B53D1 /* SnapKit */,
				3E070FB125AAEBAF009B53D1 /* Kingfisher */,
			);
			productName = Giphy2;
			productReference = 3E070F7B25AACD86009B53D1 /* Giphy2.app */;
			productType = "com.apple.product-type.application";
		};
/* End PBXNativeTarget section */

/* Begin PBXProject section */
		3E070F7325AACD86009B53D1 /* Project object */ = {
			isa = PBXProject;
			attributes = {
				LastSwiftUpdateCheck = 1230;
				LastUpgradeCheck = 1230;
				TargetAttributes = {
					3E070F7A25AACD86009B53D1 = {
						CreatedOnToolsVersion = 12.3;
					};
				};
			};
			buildConfigurationList = 3E070F7625AACD86009B53D1 /* Build configuration list for PBXProject "Giphy2" */;
			compatibilityVersion = "Xcode 9.3";
			developmentRegion = en;
			hasScannedForEncodings = 0;
			knownRegions = (
				en,
				Base,
			);
			mainGroup = 3E070F7225AACD86009B53D1;
			packageReferences = (
				3E070FA325AAE11E009B53D1 /* XCRemoteSwiftPackageReference "SnapKit" */,
				3E070FB025AAEBAF009B53D1 /* XCRemoteSwiftPackageReference "Kingfisher" */,
			);
			productRefGroup = 3E070F7C25AACD86009B53D1 /* Products */;
			projectDirPath = "";
			projectRoot = "";
			targets = (
				3E070F7A25AACD86009B53D1 /* Giphy2 */,
			);
		};
/* End PBXProject section */

/* Begin PBXResourcesBuildPhase section */
		3E070F7925AACD86009B53D1 /* Resources */ = {
			isa = PBXResourcesBuildPhase;
			buildActionMask = 2147483647;
			files = (
				3E070F8B25AACD87009B53D1 /* LaunchScreen.storyboard in Resources */,
				3E070F8825AACD87009B53D1 /* Assets.xcassets in Resources */,
			);
			runOnlyForDeploymentPostprocessing = 0;
		};
/* End PBXResourcesBuildPhase section */

/* Begin PBXSourcesBuildPhase section */
		3E070F7725AACD86009B53D1 /* Sources */ = {
			isa = PBXSourcesBuildPhase;
			buildActionMask = 2147483647;
			files = (
				3E070FAC25AAE864009B53D1 /* UserType.swift in Sources */,
				3E070F9F25AAE06C009B53D1 /* FeedViewController.swift in Sources */,
				B833359725C5305400A35B32 /* FeedViewController+UITableView.swift in Sources */,
				3E070FA825AAE654009B53D1 /* FeedTableViewCell.swift in Sources */,
				B80AB83225BBEC9900C0459C /* UserRepository.swift in Sources */,
				B83335A225C5586600A35B32 /* BaseViewController.swift in Sources */,
				3E070F7F25AACD86009B53D1 /* AppDelegate.swift in Sources */,
				B833359E25C557DD00A35B32 /* DetailViewController.swift in Sources */,
			);
			runOnlyForDeploymentPostprocessing = 0;
		};
/* End PBXSourcesBuildPhase section */

/* Begin PBXVariantGroup section */
		3E070F8925AACD87009B53D1 /* LaunchScreen.storyboard */ = {
			isa = PBXVariantGroup;
			children = (
				3E070F8A25AACD87009B53D1 /* Base */,
			);
			name = LaunchScreen.storyboard;
			sourceTree = "<group>";
		};
/* End PBXVariantGroup section */

/* Begin XCBuildConfiguration section */
		3E070F8D25AACD87009B53D1 /* Debug */ = {
			isa = XCBuildConfiguration;
			buildSettings = {
				ALWAYS_SEARCH_USER_PATHS = NO;
				CLANG_ANALYZER_NONNULL = YES;
				CLANG_ANALYZER_NUMBER_OBJECT_CONVERSION = YES_AGGRESSIVE;
				CLANG_CXX_LANGUAGE_STANDARD = "gnu++14";
				CLANG_CXX_LIBRARY = "libc++";
				CLANG_ENABLE_MODULES = YES;
				CLANG_ENABLE_OBJC_ARC = YES;
				CLANG_ENABLE_OBJC_WEAK = YES;
				CLANG_WARN_BLOCK_CAPTURE_AUTORELEASING = YES;
				CLANG_WARN_BOOL_CONVERSION = YES;
				CLANG_WARN_COMMA = YES;
				CLANG_WARN_CONSTANT_CONVERSION = YES;
				CLANG_WARN_DEPRECATED_OBJC_IMPLEMENTATIONS = YES;
				CLANG_WARN_DIRECT_OBJC_ISA_USAGE = YES_ERROR;
				CLANG_WARN_DOCUMENTATION_COMMENTS = YES;
				CLANG_WARN_EMPTY_BODY = YES;
				CLANG_WARN_ENUM_CONVERSION = YES;
				CLANG_WARN_INFINITE_RECURSION = YES;
				CLANG_WARN_INT_CONVERSION = YES;
				CLANG_WARN_NON_LITERAL_NULL_CONVERSION = YES;
				CLANG_WARN_OBJC_IMPLICIT_RETAIN_SELF = YES;
				CLANG_WARN_OBJC_LITERAL_CONVERSION = YES;
				CLANG_WARN_OBJC_ROOT_CLASS = YES_ERROR;
				CLANG_WARN_QUOTED_INCLUDE_IN_FRAMEWORK_HEADER = YES;
				CLANG_WARN_RANGE_LOOP_ANALYSIS = YES;
				CLANG_WARN_STRICT_PROTOTYPES = YES;
				CLANG_WARN_SUSPICIOUS_MOVE = YES;
				CLANG_WARN_UNGUARDED_AVAILABILITY = YES_AGGRESSIVE;
				CLANG_WARN_UNREACHABLE_CODE = YES;
				CLANG_WARN__DUPLICATE_METHOD_MATCH = YES;
				COPY_PHASE_STRIP = NO;
				DEBUG_INFORMATION_FORMAT = dwarf;
				ENABLE_STRICT_OBJC_MSGSEND = YES;
				ENABLE_TESTABILITY = YES;
				GCC_C_LANGUAGE_STANDARD = gnu11;
				GCC_DYNAMIC_NO_PIC = NO;
				GCC_NO_COMMON_BLOCKS = YES;
				GCC_OPTIMIZATION_LEVEL = 0;
				GCC_PREPROCESSOR_DEFINITIONS = (
					"DEBUG=1",
					"$(inherited)",
				);
				GCC_WARN_64_TO_32_BIT_CONVERSION = YES;
				GCC_WARN_ABOUT_RETURN_TYPE = YES_ERROR;
				GCC_WARN_UNDECLARED_SELECTOR = YES;
				GCC_WARN_UNINITIALIZED_AUTOS = YES_AGGRESSIVE;
				GCC_WARN_UNUSED_FUNCTION = YES;
				GCC_WARN_UNUSED_VARIABLE = YES;
				IPHONEOS_DEPLOYMENT_TARGET = 14.3;
				MTL_ENABLE_DEBUG_INFO = INCLUDE_SOURCE;
				MTL_FAST_MATH = YES;
				ONLY_ACTIVE_ARCH = YES;
				SDKROOT = iphoneos;
				SWIFT_ACTIVE_COMPILATION_CONDITIONS = DEBUG;
				SWIFT_OPTIMIZATION_LEVEL = "-Onone";
			};
			name = Debug;
		};
		3E070F8E25AACD87009B53D1 /* Release */ = {
			isa = XCBuildConfiguration;
			buildSettings = {
				ALWAYS_SEARCH_USER_PATHS = NO;
				CLANG_ANALYZER_NONNULL = YES;
				CLANG_ANALYZER_NUMBER_OBJECT_CONVERSION = YES_AGGRESSIVE;
				CLANG_CXX_LANGUAGE_STANDARD = "gnu++14";
				CLANG_CXX_LIBRARY = "libc++";
				CLANG_ENABLE_MODULES = YES;
				CLANG_ENABLE_OBJC_ARC = YES;
				CLANG_ENABLE_OBJC_WEAK = YES;
				CLANG_WARN_BLOCK_CAPTURE_AUTORELEASING = YES;
				CLANG_WARN_BOOL_CONVERSION = YES;
				CLANG_WARN_COMMA = YES;
				CLANG_WARN_CONSTANT_CONVERSION = YES;
				CLANG_WARN_DEPRECATED_OBJC_IMPLEMENTATIONS = YES;
				CLANG_WARN_DIRECT_OBJC_ISA_USAGE = YES_ERROR;
				CLANG_WARN_DOCUMENTATION_COMMENTS = YES;
				CLANG_WARN_EMPTY_BODY = YES;
				CLANG_WARN_ENUM_CONVERSION = YES;
				CLANG_WARN_INFINITE_RECURSION = YES;
				CLANG_WARN_INT_CONVERSION = YES;
				CLANG_WARN_NON_LITERAL_NULL_CONVERSION = YES;
				CLANG_WARN_OBJC_IMPLICIT_RETAIN_SELF = YES;
				CLANG_WARN_OBJC_LITERAL_CONVERSION = YES;
				CLANG_WARN_OBJC_ROOT_CLASS = YES_ERROR;
				CLANG_WARN_QUOTED_INCLUDE_IN_FRAMEWORK_HEADER = YES;
				CLANG_WARN_RANGE_LOOP_ANALYSIS = YES;
				CLANG_WARN_STRICT_PROTOTYPES = YES;
				CLANG_WARN_SUSPICIOUS_MOVE = YES;
				CLANG_WARN_UNGUARDED_AVAILABILITY = YES_AGGRESSIVE;
				CLANG_WARN_UNREACHABLE_CODE = YES;
				CLANG_WARN__DUPLICATE_METHOD_MATCH = YES;
				COPY_PHASE_STRIP = NO;
				DEBUG_INFORMATION_FORMAT = "dwarf-with-dsym";
				ENABLE_NS_ASSERTIONS = NO;
				ENABLE_STRICT_OBJC_MSGSEND = YES;
				GCC_C_LANGUAGE_STANDARD = gnu11;
				GCC_NO_COMMON_BLOCKS = YES;
				GCC_WARN_64_TO_32_BIT_CONVERSION = YES;
				GCC_WARN_ABOUT_RETURN_TYPE = YES_ERROR;
				GCC_WARN_UNDECLARED_SELECTOR = YES;
				GCC_WARN_UNINITIALIZED_AUTOS = YES_AGGRESSIVE;
				GCC_WARN_UNUSED_FUNCTION = YES;
				GCC_WARN_UNUSED_VARIABLE = YES;
				IPHONEOS_DEPLOYMENT_TARGET = 14.3;
				MTL_ENABLE_DEBUG_INFO = NO;
				MTL_FAST_MATH = YES;
				SDKROOT = iphoneos;
				SWIFT_COMPILATION_MODE = wholemodule;
				SWIFT_OPTIMIZATION_LEVEL = "-O";
				VALIDATE_PRODUCT = YES;
			};
			name = Release;
		};
		3E070F9025AACD87009B53D1 /* Debug */ = {
			isa = XCBuildConfiguration;
			buildSettings = {
				ASSETCATALOG_COMPILER_APPICON_NAME = AppIcon;
				ASSETCATALOG_COMPILER_GLOBAL_ACCENT_COLOR_NAME = AccentColor;
				CODE_SIGN_STYLE = Automatic;
				INFOPLIST_FILE = "/Users/heyziin/Projects/Giphy2/Giphy2/Supporting Files/Info.plist";
				IPHONEOS_DEPLOYMENT_TARGET = 13.0;
				LD_RUNPATH_SEARCH_PATHS = (
					"$(inherited)",
					"@executable_path/Frameworks",
				);
				MARKETING_VERSION = 0.1;
				PRODUCT_BUNDLE_IDENTIFIER = heyziin.Giphy2;
				PRODUCT_NAME = "$(TARGET_NAME)";
				SWIFT_VERSION = 5.0;
				TARGETED_DEVICE_FAMILY = 1;
			};
			name = Debug;
		};
		3E070F9125AACD87009B53D1 /* Release */ = {
			isa = XCBuildConfiguration;
			buildSettings = {
				ASSETCATALOG_COMPILER_APPICON_NAME = AppIcon;
				ASSETCATALOG_COMPILER_GLOBAL_ACCENT_COLOR_NAME = AccentColor;
				CODE_SIGN_STYLE = Automatic;
				INFOPLIST_FILE = "/Users/heyziin/Projects/Giphy2/Giphy2/Supporting Files/Info.plist";
				IPHONEOS_DEPLOYMENT_TARGET = 13.0;
				LD_RUNPATH_SEARCH_PATHS = (
					"$(inherited)",
					"@executable_path/Frameworks",
				);
				MARKETING_VERSION = 0.1;
				PRODUCT_BUNDLE_IDENTIFIER = heyziin.Giphy2;
				PRODUCT_NAME = "$(TARGET_NAME)";
				SWIFT_VERSION = 5.0;
				TARGETED_DEVICE_FAMILY = 1;
			};
			name = Release;
		};
/* End XCBuildConfiguration section */

/* Begin XCConfigurationList section */
		3E070F7625AACD86009B53D1 /* Build configuration list for PBXProject "Giphy2" */ = {
			isa = XCConfigurationList;
			buildConfigurations = (
				3E070F8D25AACD87009B53D1 /* Debug */,
				3E070F8E25AACD87009B53D1 /* Release */,
			);
			defaultConfigurationIsVisible = 0;
			defaultConfigurationName = Release;
		};
		3E070F8F25AACD87009B53D1 /* Build configuration list for PBXNativeTarget "Giphy2" */ = {
			isa = XCConfigurationList;
			buildConfigurations = (
				3E070F9025AACD87009B53D1 /* Debug */,
				3E070F9125AACD87009B53D1 /* Release */,
			);
			defaultConfigurationIsVisible = 0;
			defaultConfigurationName = Release;
		};
/* End XCConfigurationList section */

/* Begin XCRemoteSwiftPackageReference section */
		3E070FA325AAE11E009B53D1 /* XCRemoteSwiftPackageReference "SnapKit" */ = {
			isa = XCRemoteSwiftPackageReference;
			repositoryURL = "https://github.com/SnapKit/SnapKit.git";
			requirement = {
				kind = upToNextMajorVersion;
				minimumVersion = 5.0.1;
			};
		};
		3E070FB025AAEBAF009B53D1 /* XCRemoteSwiftPackageReference "Kingfisher" */ = {
			isa = XCRemoteSwiftPackageReference;
			repositoryURL = "https://github.com/onevcat/Kingfisher.git";
			requirement = {
				kind = upToNextMajorVersion;
				minimumVersion = 6.0.1;
			};
		};
/* End XCRemoteSwiftPackageReference section */

/* Begin XCSwiftPackageProductDependency section */
		3E070FA425AAE11E009B53D1 /* SnapKit */ = {
			isa = XCSwiftPackageProductDependency;
			package = 3E070FA325AAE11E009B53D1 /* XCRemoteSwiftPackageReference "SnapKit" */;
			productName = SnapKit;
		};
		3E070FB125AAEBAF009B53D1 /* Kingfisher */ = {
			isa = XCSwiftPackageProductDependency;
			package = 3E070FB025AAEBAF009B53D1 /* XCRemoteSwiftPackageReference "Kingfisher" */;
			productName = Kingfisher;
		};
/* End XCSwiftPackageProductDependency section */
	};
	rootObject = 3E070F7325AACD86009B53D1 /* Project object */;
}
